{
  "name": "web-components",
  "version": "0.0.1",
  "lockfileVersion": 1,
  "requires": true,
  "dependencies": {
    "@stencil/angular-output-target": {
      "version": "0.0.5",
      "resolved": "https://registry.npmjs.org/@stencil/angular-output-target/-/angular-output-target-0.0.5.tgz",
      "integrity": "sha512-00iVf0pMH5NrVc/dUDy6AOEYEwTZ816bXggzNf4gxbhLpX1RAsC+MjC0gs/sJS2gal4gpE4cTVlPCGNy+mtFXg==",
      "dev": true
    },
    "@stencil/core": {
      "version": "2.0.3",
      "resolved": "https://registry.npmjs.org/@stencil/core/-/core-2.0.3.tgz",
      "integrity": "sha512-d4qLDN7HKwJEK+ljhknD8azpM4bF49Dv7h5yG3RF+SPo8uozDq3p5ZNj1MgZoRgzh04kXNyG/MKnD8H2QN5YVw=="
    }
  }
}
